# This file is autogenerated, do not edit; changes may be undone by the next 'dep ensure'.


[[projects]]
  digest = "1:602649ff074ccee9273e1d3b25c4069f13a70fa0c232957c7d68a6f02fb7a9ea"
  name = "github.com/Azure/azure-pipeline-go"
  packages = ["pipeline"]
  pruneopts = "NUT"
  revision = "232aee85e8e3a6223a11c0943f7df2ae0fac00e4"
  version = "v0.2.2"

[[projects]]
  digest = "1:f1e8eb5e22e6381ef6c6b80edbd2a71f1f7cbf0a6ce222a29106df08eebd16fb"
  name = "github.com/Azure/azure-sdk-for-go"
  packages = [
    "services/keyvault/v7.0/keyvault",
    "version",
  ]
  pruneopts = "NUT"
  revision = "89b3129aee15cb9fb017e12a1980f2993c609125"
  version = "v39.0.0"

[[projects]]
  digest = "1:0a1307390445735712b3b914b447cc7ad1974795e50470b7e092cfaa6063f6dd"
  name = "github.com/Azure/azure-storage-blob-go"
  packages = ["azblob"]
  pruneopts = "NUT"
  revision = "fc700035fe4a7020f50d49f420b3c088aed57e03"
  version = "v0.8.0"

[[projects]]
  digest = "1:6bcb67d993a2303fe302d18ab0759f3d3161cf64a7387ca1504ba8fee51ece94"
  name = "github.com/Azure/go-autorest"
  packages = [
    "autorest",
    "autorest/adal",
    "autorest/azure",
    "autorest/azure/auth",
    "autorest/azure/cli",
    "autorest/date",
    "autorest/to",
    "autorest/validation",
    "logger",
    "tracing",
  ]
  pruneopts = "NUT"
  revision = "20a15b4e99645bc30a1cf8de518a6e8ac331c864"
  version = "v13.3.2"

[[projects]]
  digest = "1:7a6852b35eb5bbc184561443762d225116ae630c26a7c4d90546619f1e7d2ad2"
  name = "github.com/dgrijalva/jwt-go"
  packages = ["."]
  pruneopts = "NUT"
  revision = "06ea1031745cb8b3dab3f6a236daf2b0aa468b7e"
  version = "v3.2.0"

[[projects]]
  digest = "1:f9adc21a937e5da643ea14a3488cb7506788876737a5e205394e508627a6eec8"
  name = "github.com/dimchansky/utfbom"
  packages = ["."]
  pruneopts = "NUT"
  revision = "d2133a1ce379ef6fa992b0514a77146c60db9d1c"
  version = "v1.1.0"

[[projects]]
  digest = "1:ab3ec1fe3e39bac4b3ab63390767766622be35b7cab03f47f787f9ec60522a53"
  name = "github.com/google/uuid"
  packages = ["."]
  pruneopts = "NUT"
  revision = "0cd6bf5da1e1c83f8b45653022c74f71af0538a4"
  version = "v1.1.1"

[[projects]]
  digest = "1:0faa8131e5822f3420f82426667a29c5c425c3cb7e0fcf0c5d1c718d6e6ba19b"
  name = "github.com/gorilla/securecookie"
  packages = ["."]
  pruneopts = "NUT"
  revision = "e59506cc896acb7f7bf732d4fdf5e25f7ccd8983"
  version = "v1.1.1"

[[projects]]
  digest = "1:56322ec58012d3b6c57c97c31f82a7634ee179ce0ad019ab9990f59ea9d966d3"
  name = "github.com/gorilla/sessions"
  packages = ["."]
  pruneopts = "NUT"
  revision = "4355a998706e83fe1d71c31b07af94e34f68d74a"
  version = "v1.2.0"

[[projects]]
  digest = "1:4a0c072e44da763409da72d41492373a034baf2e6d849c76d239b4abdfbb6c49"
  name = "github.com/gorilla/websocket"
  packages = ["."]
  pruneopts = "NUT"
  revision = "66b9c49e59c6c48f0ffce28c2d8b8a5678502c6d"
  version = "v1.4.0"

[[projects]]
  branch = "master"
  digest = "1:4b1a6176a74a3339ad0407185eb8418a616dbfdca76c779e5548ea821e17a6e6"
  name = "github.com/mattn/go-ieproxy"
  packages = ["."]
  pruneopts = "NUT"
  revision = "2dbc853185d9515cd0b7934cc7bfedab1565ac04"

[[projects]]
  digest = "1:f9f72e583aaacf1d1ac5d6121abd4afd3c690baa9e14e1d009df26bf831ba347"
  name = "github.com/mitchellh/go-homedir"
  packages = ["."]
  pruneopts = "NUT"
  revision = "af06845cf3004701891bf4fdb884bfe4920b3727"
  version = "v1.1.0"

[[projects]]
  digest = "1:75aa2d27470d17962a1bb00b8fa949c8c78ca278d1aa61632810028ae34d1cf2"
  name = "github.com/nlopes/slack"
  packages = [
    ".",
    "internal/errorsx",
    "internal/timex",
    "slackutilsx",
  ]
  pruneopts = "NUT"
  revision = "1af34b6bda3d43878255fff7bd2884ea0c23295e"
  version = "v0.6.0"

[[projects]]
  digest = "1:5cf3f025cbee5951a4ee961de067c8a89fc95a5adabead774f82822efabab121"
  name = "github.com/pkg/errors"
  packages = ["."]
  pruneopts = "NUT"
  revision = "645ef00459ed84a119197bfb8d8205042c6df63d"
  version = "v0.8.0"

[[projects]]
  branch = "master"
  digest = "1:f604f5e2ee721b6757d962dfe7bab4f28aae50c456e39cfb2f3819762a44a6ae"
  name = "golang.org/x/crypto"
  packages = [
    "pkcs12",
    "pkcs12/internal/rc2",
  ]
  pruneopts = "NUT"
  revision = "69ecbb4d6d5dab05e49161c6e77ea40a030884e1"

[[projects]]
  branch = "master"
  digest = "1:daaeae7382ad31d525832c97a54b90a053d4894283304fa36014226f0a0e04bb"
  name = "golang.org/x/net"
  packages = [
    "http/httpproxy",
    "idna",
  ]
  pruneopts = "NUT"
  revision = "16171245cfb220d5317888b716d69c1fb4e7992b"

[[projects]]
  branch = "master"
  digest = "1:b521f10a2d8fa85c04a8ef4e62f2d1e14d303599a55d64dabf9f5a02f84d35eb"
  name = "golang.org/x/sync"
  packages = ["errgroup"]
  pruneopts = "NUT"
  revision = "cd5d95a43a6e21273425c7ae415d3df9ea832eeb"

[[projects]]
  branch = "master"
  digest = "1:c3c62d22be48b622ed03d69280da029de14572531772763576a97c40acae09fa"
  name = "golang.org/x/sys"
  packages = [
    "windows",
    "windows/registry",
  ]
  pruneopts = "NUT"
  revision = "d101bd2416d505c0448a6ce8a282482678040a89"

[[projects]]
  digest = "1:8d8faad6b12a3a4c819a3f9618cb6ee1fa1cfc33253abeeea8b55336721e3405"
  name = "golang.org/x/text"
  packages = [
    "collate",
    "collate/build",
    "internal/colltab",
    "internal/gen",
    "internal/language",
    "internal/language/compact",
    "internal/tag",
    "internal/triegen",
    "internal/ucd",
    "language",
    "secure/bidirule",
    "transform",
    "unicode/bidi",
    "unicode/cldr",
    "unicode/norm",
    "unicode/rangetable",
  ]
  pruneopts = "NUT"
  revision = "342b2e1fbaa52c93f31447ad2c6abc048c63e475"
  version = "v0.3.2"

[solve-meta]
  analyzer-name = "dep"
  analyzer-version = 1
  input-imports = [
    "github.com/Azure/azure-pipeline-go/pipeline",
    "github.com/Azure/azure-sdk-for-go/services/keyvault/v7.0/keyvault",
    "github.com/Azure/azure-storage-blob-go/azblob",
    "github.com/Azure/go-autorest/autorest",
    "github.com/Azure/go-autorest/autorest/azure/auth",
    "github.com/google/uuid",
    "github.com/gorilla/sessions",
    "github.com/nlopes/slack",
    "github.com/pkg/errors",
    "golang.org/x/sync/errgroup",
  ]
  solver-name = "gps-cdcl"
  solver-version = 1
